{
  "name": "playwright-starter-kata",
  "version": "1.0.0",
  "lockfileVersion": 1,
  "requires": true,
  "dependencies": {
    "playwright": {
      "version": "1.32.2",
      "resolved": "https://registry.npmjs.org/playwright/-/playwright-1.32.2.tgz",
      "integrity": "sha512-jHVnXJke0PXpuPszKtk9y1zZSlzO5+2a+aockT/AND0oeXx46FiJEFrafthurglLygVZA+1gEbtUM1C7qtTV+Q==",
      "dev": true,
      "requires": {
        "playwright-core": "1.32.2"
      },
      "dependencies": {
        "playwright-core": {
          "version": "1.32.2",
          "resolved": "https://registry.npmjs.org/playwright-core/-/playwright-core-1.32.2.tgz",
          "integrity": "sha512-zD7aonO+07kOTthsrCR3YCVnDcqSHIJpdFUtZEMOb6//1Rc7/6mZDRdw+nlzcQiQltOOsiqI3rrSyn/SlyjnJQ==",
          "dev": true
        }
      }
    }
  }
}
